<?xml version="1.0" encoding="UTF-8"?>
<CodeBlocks_project_file>
	<FileVersion major="1" minor="6"/>
	<Project>
		<Option title="solucion"/>
		<Option makefile_is_custom="1"/>
		<Option compiler="gcc"/>
		<Option virtualFolders="CMake Files\;"/>
		<Build>
			<Target title="all">
				<Option working_dir="/home/daredevil/UBA/ALGOS2/tallerAlgoritimos2/CLASE 03_member-classes"/>
				<Option type="4"/>
				<MakeCommands>
					<Build command="/usr/bin/make -f &quot;/home/daredevil/UBA/ALGOS2/tallerAlgoritimos2/CLASE\ 03_member-classes/Makefile&quot;  VERBOSE=1 all"/>
					<CompileFile command="/usr/bin/make -f &quot;/home/daredevil/UBA/ALGOS2/tallerAlgoritimos2/CLASE\ 03_member-classes/Makefile&quot;  VERBOSE=1 &quot;$file&quot;"/>
					<Clean command="/usr/bin/make -f &quot;/home/daredevil/UBA/ALGOS2/tallerAlgoritimos2/CLASE\ 03_member-classes/Makefile&quot;  VERBOSE=1 clean"/>
					<DistClean command="/usr/bin/make -f &quot;/home/daredevil/UBA/ALGOS2/tallerAlgoritimos2/CLASE\ 03_member-classes/Makefile&quot;  VERBOSE=1 clean"/>
				</MakeCommands>
			</Target>
			<Target title="edit_cache">
				<Option working_dir="/home/daredevil/UBA/ALGOS2/tallerAlgoritimos2/CLASE 03_member-classes"/>
				<Option type="4"/>
				<MakeCommands>
					<Build command="/usr/bin/make -f &quot;/home/daredevil/UBA/ALGOS2/tallerAlgoritimos2/CLASE\ 03_member-classes/Makefile&quot;  VERBOSE=1 edit_cache"/>
					<CompileFile command="/usr/bin/make -f &quot;/home/daredevil/UBA/ALGOS2/tallerAlgoritimos2/CLASE\ 03_member-classes/Makefile&quot;  VERBOSE=1 &quot;$file&quot;"/>
					<Clean command="/usr/bin/make -f &quot;/home/daredevil/UBA/ALGOS2/tallerAlgoritimos2/CLASE\ 03_member-classes/Makefile&quot;  VERBOSE=1 clean"/>
					<DistClean command="/usr/bin/make -f &quot;/home/daredevil/UBA/ALGOS2/tallerAlgoritimos2/CLASE\ 03_member-classes/Makefile&quot;  VERBOSE=1 clean"/>
				</MakeCommands>
			</Target>
			<Target title="test_algobot">
				<Option output="/home/daredevil/UBA/ALGOS2/tallerAlgoritimos2/CLASE 03_member-classes/test_algobot" prefix_auto="0" extension_auto="0"/>
				<Option working_dir="/home/daredevil/UBA/ALGOS2/tallerAlgoritimos2/CLASE 03_member-classes"/>
				<Option object_output="./"/>
				<Option type="1"/>
				<Option compiler="gcc"/>
				<Compiler/>
				<MakeCommands>
					<Build command="/usr/bin/make -f &quot;/home/daredevil/UBA/ALGOS2/tallerAlgoritimos2/CLASE\ 03_member-classes/Makefile&quot;  VERBOSE=1 test_algobot"/>
					<CompileFile command="/usr/bin/make -f &quot;/home/daredevil/UBA/ALGOS2/tallerAlgoritimos2/CLASE\ 03_member-classes/Makefile&quot;  VERBOSE=1 &quot;$file&quot;"/>
					<Clean command="/usr/bin/make -f &quot;/home/daredevil/UBA/ALGOS2/tallerAlgoritimos2/CLASE\ 03_member-classes/Makefile&quot;  VERBOSE=1 clean"/>
					<DistClean command="/usr/bin/make -f &quot;/home/daredevil/UBA/ALGOS2/tallerAlgoritimos2/CLASE\ 03_member-classes/Makefile&quot;  VERBOSE=1 clean"/>
				</MakeCommands>
			</Target>
			<Target title="test_algobot/fast">
				<Option output="/home/daredevil/UBA/ALGOS2/tallerAlgoritimos2/CLASE 03_member-classes/test_algobot" prefix_auto="0" extension_auto="0"/>
				<Option working_dir="/home/daredevil/UBA/ALGOS2/tallerAlgoritimos2/CLASE 03_member-classes"/>
				<Option object_output="./"/>
				<Option type="1"/>
				<Option compiler="gcc"/>
				<Compiler/>
				<MakeCommands>
					<Build command="/usr/bin/make -f &quot;/home/daredevil/UBA/ALGOS2/tallerAlgoritimos2/CLASE\ 03_member-classes/Makefile&quot;  VERBOSE=1 test_algobot/fast"/>
					<CompileFile command="/usr/bin/make -f &quot;/home/daredevil/UBA/ALGOS2/tallerAlgoritimos2/CLASE\ 03_member-classes/Makefile&quot;  VERBOSE=1 &quot;$file&quot;"/>
					<Clean command="/usr/bin/make -f &quot;/home/daredevil/UBA/ALGOS2/tallerAlgoritimos2/CLASE\ 03_member-classes/Makefile&quot;  VERBOSE=1 clean"/>
					<DistClean command="/usr/bin/make -f &quot;/home/daredevil/UBA/ALGOS2/tallerAlgoritimos2/CLASE\ 03_member-classes/Makefile&quot;  VERBOSE=1 clean"/>
				</MakeCommands>
			</Target>
			<Target title="ej8">
				<Option output="/home/daredevil/UBA/ALGOS2/tallerAlgoritimos2/CLASE 03_member-classes/ej8" prefix_auto="0" extension_auto="0"/>
				<Option working_dir="/home/daredevil/UBA/ALGOS2/tallerAlgoritimos2/CLASE 03_member-classes"/>
				<Option object_output="./"/>
				<Option type="1"/>
				<Option compiler="gcc"/>
				<Compiler>
					<Add option="-DEJ=8"/>
				</Compiler>
				<MakeCommands>
					<Build command="/usr/bin/make -f &quot;/home/daredevil/UBA/ALGOS2/tallerAlgoritimos2/CLASE\ 03_member-classes/Makefile&quot;  VERBOSE=1 ej8"/>
					<CompileFile command="/usr/bin/make -f &quot;/home/daredevil/UBA/ALGOS2/tallerAlgoritimos2/CLASE\ 03_member-classes/Makefile&quot;  VERBOSE=1 &quot;$file&quot;"/>
					<Clean command="/usr/bin/make -f &quot;/home/daredevil/UBA/ALGOS2/tallerAlgoritimos2/CLASE\ 03_member-classes/Makefile&quot;  VERBOSE=1 clean"/>
					<DistClean command="/usr/bin/make -f &quot;/home/daredevil/UBA/ALGOS2/tallerAlgoritimos2/CLASE\ 03_member-classes/Makefile&quot;  VERBOSE=1 clean"/>
				</MakeCommands>
			</Target>
			<Target title="ej8/fast">
				<Option output="/home/daredevil/UBA/ALGOS2/tallerAlgoritimos2/CLASE 03_member-classes/ej8" prefix_auto="0" extension_auto="0"/>
				<Option working_dir="/home/daredevil/UBA/ALGOS2/tallerAlgoritimos2/CLASE 03_member-classes"/>
				<Option object_output="./"/>
				<Option type="1"/>
				<Option compiler="gcc"/>
				<Compiler>
					<Add option="-DEJ=8"/>
				</Compiler>
				<MakeCommands>
					<Build command="/usr/bin/make -f &quot;/home/daredevil/UBA/ALGOS2/tallerAlgoritimos2/CLASE\ 03_member-classes/Makefile&quot;  VERBOSE=1 ej8/fast"/>
					<CompileFile command="/usr/bin/make -f &quot;/home/daredevil/UBA/ALGOS2/tallerAlgoritimos2/CLASE\ 03_member-classes/Makefile&quot;  VERBOSE=1 &quot;$file&quot;"/>
					<Clean command="/usr/bin/make -f &quot;/home/daredevil/UBA/ALGOS2/tallerAlgoritimos2/CLASE\ 03_member-classes/Makefile&quot;  VERBOSE=1 clean"/>
					<DistClean command="/usr/bin/make -f &quot;/home/daredevil/UBA/ALGOS2/tallerAlgoritimos2/CLASE\ 03_member-classes/Makefile&quot;  VERBOSE=1 clean"/>
				</MakeCommands>
			</Target>
			<Target title="ej7">
				<Option output="/home/daredevil/UBA/ALGOS2/tallerAlgoritimos2/CLASE 03_member-classes/ej7" prefix_auto="0" extension_auto="0"/>
				<Option working_dir="/home/daredevil/UBA/ALGOS2/tallerAlgoritimos2/CLASE 03_member-classes"/>
				<Option object_output="./"/>
				<Option type="1"/>
				<Option compiler="gcc"/>
				<Compiler>
					<Add option="-DEJ=7"/>
				</Compiler>
				<MakeCommands>
					<Build command="/usr/bin/make -f &quot;/home/daredevil/UBA/ALGOS2/tallerAlgoritimos2/CLASE\ 03_member-classes/Makefile&quot;  VERBOSE=1 ej7"/>
					<CompileFile command="/usr/bin/make -f &quot;/home/daredevil/UBA/ALGOS2/tallerAlgoritimos2/CLASE\ 03_member-classes/Makefile&quot;  VERBOSE=1 &quot;$file&quot;"/>
					<Clean command="/usr/bin/make -f &quot;/home/daredevil/UBA/ALGOS2/tallerAlgoritimos2/CLASE\ 03_member-classes/Makefile&quot;  VERBOSE=1 clean"/>
					<DistClean command="/usr/bin/make -f &quot;/home/daredevil/UBA/ALGOS2/tallerAlgoritimos2/CLASE\ 03_member-classes/Makefile&quot;  VERBOSE=1 clean"/>
				</MakeCommands>
			</Target>
			<Target title="ej7/fast">
				<Option output="/home/daredevil/UBA/ALGOS2/tallerAlgoritimos2/CLASE 03_member-classes/ej7" prefix_auto="0" extension_auto="0"/>
				<Option working_dir="/home/daredevil/UBA/ALGOS2/tallerAlgoritimos2/CLASE 03_member-classes"/>
				<Option object_output="./"/>
				<Option type="1"/>
				<Option compiler="gcc"/>
				<Compiler>
					<Add option="-DEJ=7"/>
				</Compiler>
				<MakeCommands>
					<Build command="/usr/bin/make -f &quot;/home/daredevil/UBA/ALGOS2/tallerAlgoritimos2/CLASE\ 03_member-classes/Makefile&quot;  VERBOSE=1 ej7/fast"/>
					<CompileFile command="/usr/bin/make -f &quot;/home/daredevil/UBA/ALGOS2/tallerAlgoritimos2/CLASE\ 03_member-classes/Makefile&quot;  VERBOSE=1 &quot;$file&quot;"/>
					<Clean command="/usr/bin/make -f &quot;/home/daredevil/UBA/ALGOS2/tallerAlgoritimos2/CLASE\ 03_member-classes/Makefile&quot;  VERBOSE=1 clean"/>
					<DistClean command="/usr/bin/make -f &quot;/home/daredevil/UBA/ALGOS2/tallerAlgoritimos2/CLASE\ 03_member-classes/Makefile&quot;  VERBOSE=1 clean"/>
				</MakeCommands>
			</Target>
			<Target title="ej6">
				<Option output="/home/daredevil/UBA/ALGOS2/tallerAlgoritimos2/CLASE 03_member-classes/ej6" prefix_auto="0" extension_auto="0"/>
				<Option working_dir="/home/daredevil/UBA/ALGOS2/tallerAlgoritimos2/CLASE 03_member-classes"/>
				<Option object_output="./"/>
				<Option type="1"/>
				<Option compiler="gcc"/>
				<Compiler>
					<Add option="-DEJ=6"/>
				</Compiler>
				<MakeCommands>
					<Build command="/usr/bin/make -f &quot;/home/daredevil/UBA/ALGOS2/tallerAlgoritimos2/CLASE\ 03_member-classes/Makefile&quot;  VERBOSE=1 ej6"/>
					<CompileFile command="/usr/bin/make -f &quot;/home/daredevil/UBA/ALGOS2/tallerAlgoritimos2/CLASE\ 03_member-classes/Makefile&quot;  VERBOSE=1 &quot;$file&quot;"/>
					<Clean command="/usr/bin/make -f &quot;/home/daredevil/UBA/ALGOS2/tallerAlgoritimos2/CLASE\ 03_member-classes/Makefile&quot;  VERBOSE=1 clean"/>
					<DistClean command="/usr/bin/make -f &quot;/home/daredevil/UBA/ALGOS2/tallerAlgoritimos2/CLASE\ 03_member-classes/Makefile&quot;  VERBOSE=1 clean"/>
				</MakeCommands>
			</Target>
			<Target title="ej6/fast">
				<Option output="/home/daredevil/UBA/ALGOS2/tallerAlgoritimos2/CLASE 03_member-classes/ej6" prefix_auto="0" extension_auto="0"/>
				<Option working_dir="/home/daredevil/UBA/ALGOS2/tallerAlgoritimos2/CLASE 03_member-classes"/>
				<Option object_output="./"/>
				<Option type="1"/>
				<Option compiler="gcc"/>
				<Compiler>
					<Add option="-DEJ=6"/>
				</Compiler>
				<MakeCommands>
					<Build command="/usr/bin/make -f &quot;/home/daredevil/UBA/ALGOS2/tallerAlgoritimos2/CLASE\ 03_member-classes/Makefile&quot;  VERBOSE=1 ej6/fast"/>
					<CompileFile command="/usr/bin/make -f &quot;/home/daredevil/UBA/ALGOS2/tallerAlgoritimos2/CLASE\ 03_member-classes/Makefile&quot;  VERBOSE=1 &quot;$file&quot;"/>
					<Clean command="/usr/bin/make -f &quot;/home/daredevil/UBA/ALGOS2/tallerAlgoritimos2/CLASE\ 03_member-classes/Makefile&quot;  VERBOSE=1 clean"/>
					<DistClean command="/usr/bin/make -f &quot;/home/daredevil/UBA/ALGOS2/tallerAlgoritimos2/CLASE\ 03_member-classes/Makefile&quot;  VERBOSE=1 clean"/>
				</MakeCommands>
			</Target>
			<Target title="ej5">
				<Option output="/home/daredevil/UBA/ALGOS2/tallerAlgoritimos2/CLASE 03_member-classes/ej5" prefix_auto="0" extension_auto="0"/>
				<Option working_dir="/home/daredevil/UBA/ALGOS2/tallerAlgoritimos2/CLASE 03_member-classes"/>
				<Option object_output="./"/>
				<Option type="1"/>
				<Option compiler="gcc"/>
				<Compiler>
					<Add option="-DEJ=5"/>
				</Compiler>
				<MakeCommands>
					<Build command="/usr/bin/make -f &quot;/home/daredevil/UBA/ALGOS2/tallerAlgoritimos2/CLASE\ 03_member-classes/Makefile&quot;  VERBOSE=1 ej5"/>
					<CompileFile command="/usr/bin/make -f &quot;/home/daredevil/UBA/ALGOS2/tallerAlgoritimos2/CLASE\ 03_member-classes/Makefile&quot;  VERBOSE=1 &quot;$file&quot;"/>
					<Clean command="/usr/bin/make -f &quot;/home/daredevil/UBA/ALGOS2/tallerAlgoritimos2/CLASE\ 03_member-classes/Makefile&quot;  VERBOSE=1 clean"/>
					<DistClean command="/usr/bin/make -f &quot;/home/daredevil/UBA/ALGOS2/tallerAlgoritimos2/CLASE\ 03_member-classes/Makefile&quot;  VERBOSE=1 clean"/>
				</MakeCommands>
			</Target>
			<Target title="ej5/fast">
				<Option output="/home/daredevil/UBA/ALGOS2/tallerAlgoritimos2/CLASE 03_member-classes/ej5" prefix_auto="0" extension_auto="0"/>
				<Option working_dir="/home/daredevil/UBA/ALGOS2/tallerAlgoritimos2/CLASE 03_member-classes"/>
				<Option object_output="./"/>
				<Option type="1"/>
				<Option compiler="gcc"/>
				<Compiler>
					<Add option="-DEJ=5"/>
				</Compiler>
				<MakeCommands>
					<Build command="/usr/bin/make -f &quot;/home/daredevil/UBA/ALGOS2/tallerAlgoritimos2/CLASE\ 03_member-classes/Makefile&quot;  VERBOSE=1 ej5/fast"/>
					<CompileFile command="/usr/bin/make -f &quot;/home/daredevil/UBA/ALGOS2/tallerAlgoritimos2/CLASE\ 03_member-classes/Makefile&quot;  VERBOSE=1 &quot;$file&quot;"/>
					<Clean command="/usr/bin/make -f &quot;/home/daredevil/UBA/ALGOS2/tallerAlgoritimos2/CLASE\ 03_member-classes/Makefile&quot;  VERBOSE=1 clean"/>
					<DistClean command="/usr/bin/make -f &quot;/home/daredevil/UBA/ALGOS2/tallerAlgoritimos2/CLASE\ 03_member-classes/Makefile&quot;  VERBOSE=1 clean"/>
				</MakeCommands>
			</Target>
			<Target title="rebuild_cache">
				<Option working_dir="/home/daredevil/UBA/ALGOS2/tallerAlgoritimos2/CLASE 03_member-classes"/>
				<Option type="4"/>
				<MakeCommands>
					<Build command="/usr/bin/make -f &quot;/home/daredevil/UBA/ALGOS2/tallerAlgoritimos2/CLASE\ 03_member-classes/Makefile&quot;  VERBOSE=1 rebuild_cache"/>
					<CompileFile command="/usr/bin/make -f &quot;/home/daredevil/UBA/ALGOS2/tallerAlgoritimos2/CLASE\ 03_member-classes/Makefile&quot;  VERBOSE=1 &quot;$file&quot;"/>
					<Clean command="/usr/bin/make -f &quot;/home/daredevil/UBA/ALGOS2/tallerAlgoritimos2/CLASE\ 03_member-classes/Makefile&quot;  VERBOSE=1 clean"/>
					<DistClean command="/usr/bin/make -f &quot;/home/daredevil/UBA/ALGOS2/tallerAlgoritimos2/CLASE\ 03_member-classes/Makefile&quot;  VERBOSE=1 clean"/>
				</MakeCommands>
			</Target>
			<Target title="gtest">
				<Option output="/home/daredevil/UBA/ALGOS2/tallerAlgoritimos2/CLASE 03_member-classes/libgtest.a" prefix_auto="0" extension_auto="0"/>
				<Option working_dir="/home/daredevil/UBA/ALGOS2/tallerAlgoritimos2/CLASE 03_member-classes"/>
				<Option object_output="./"/>
				<Option type="2"/>
				<Option compiler="gcc"/>
				<Compiler/>
				<MakeCommands>
					<Build command="/usr/bin/make -f &quot;/home/daredevil/UBA/ALGOS2/tallerAlgoritimos2/CLASE\ 03_member-classes/Makefile&quot;  VERBOSE=1 gtest"/>
					<CompileFile command="/usr/bin/make -f &quot;/home/daredevil/UBA/ALGOS2/tallerAlgoritimos2/CLASE\ 03_member-classes/Makefile&quot;  VERBOSE=1 &quot;$file&quot;"/>
					<Clean command="/usr/bin/make -f &quot;/home/daredevil/UBA/ALGOS2/tallerAlgoritimos2/CLASE\ 03_member-classes/Makefile&quot;  VERBOSE=1 clean"/>
					<DistClean command="/usr/bin/make -f &quot;/home/daredevil/UBA/ALGOS2/tallerAlgoritimos2/CLASE\ 03_member-classes/Makefile&quot;  VERBOSE=1 clean"/>
				</MakeCommands>
			</Target>
			<Target title="gtest/fast">
				<Option output="/home/daredevil/UBA/ALGOS2/tallerAlgoritimos2/CLASE 03_member-classes/libgtest.a" prefix_auto="0" extension_auto="0"/>
				<Option working_dir="/home/daredevil/UBA/ALGOS2/tallerAlgoritimos2/CLASE 03_member-classes"/>
				<Option object_output="./"/>
				<Option type="2"/>
				<Option compiler="gcc"/>
				<Compiler/>
				<MakeCommands>
					<Build command="/usr/bin/make -f &quot;/home/daredevil/UBA/ALGOS2/tallerAlgoritimos2/CLASE\ 03_member-classes/Makefile&quot;  VERBOSE=1 gtest/fast"/>
					<CompileFile command="/usr/bin/make -f &quot;/home/daredevil/UBA/ALGOS2/tallerAlgoritimos2/CLASE\ 03_member-classes/Makefile&quot;  VERBOSE=1 &quot;$file&quot;"/>
					<Clean command="/usr/bin/make -f &quot;/home/daredevil/UBA/ALGOS2/tallerAlgoritimos2/CLASE\ 03_member-classes/Makefile&quot;  VERBOSE=1 clean"/>
					<DistClean command="/usr/bin/make -f &quot;/home/daredevil/UBA/ALGOS2/tallerAlgoritimos2/CLASE\ 03_member-classes/Makefile&quot;  VERBOSE=1 clean"/>
				</MakeCommands>
			</Target>
			<Target title="gtest_main">
				<Option output="/home/daredevil/UBA/ALGOS2/tallerAlgoritimos2/CLASE 03_member-classes/libgtest_main.a" prefix_auto="0" extension_auto="0"/>
				<Option working_dir="/home/daredevil/UBA/ALGOS2/tallerAlgoritimos2/CLASE 03_member-classes"/>
				<Option object_output="./"/>
				<Option type="2"/>
				<Option compiler="gcc"/>
				<Compiler/>
				<MakeCommands>
					<Build command="/usr/bin/make -f &quot;/home/daredevil/UBA/ALGOS2/tallerAlgoritimos2/CLASE\ 03_member-classes/Makefile&quot;  VERBOSE=1 gtest_main"/>
					<CompileFile command="/usr/bin/make -f &quot;/home/daredevil/UBA/ALGOS2/tallerAlgoritimos2/CLASE\ 03_member-classes/Makefile&quot;  VERBOSE=1 &quot;$file&quot;"/>
					<Clean command="/usr/bin/make -f &quot;/home/daredevil/UBA/ALGOS2/tallerAlgoritimos2/CLASE\ 03_member-classes/Makefile&quot;  VERBOSE=1 clean"/>
					<DistClean command="/usr/bin/make -f &quot;/home/daredevil/UBA/ALGOS2/tallerAlgoritimos2/CLASE\ 03_member-classes/Makefile&quot;  VERBOSE=1 clean"/>
				</MakeCommands>
			</Target>
			<Target title="gtest_main/fast">
				<Option output="/home/daredevil/UBA/ALGOS2/tallerAlgoritimos2/CLASE 03_member-classes/libgtest_main.a" prefix_auto="0" extension_auto="0"/>
				<Option working_dir="/home/daredevil/UBA/ALGOS2/tallerAlgoritimos2/CLASE 03_member-classes"/>
				<Option object_output="./"/>
				<Option type="2"/>
				<Option compiler="gcc"/>
				<Compiler/>
				<MakeCommands>
					<Build command="/usr/bin/make -f &quot;/home/daredevil/UBA/ALGOS2/tallerAlgoritimos2/CLASE\ 03_member-classes/Makefile&quot;  VERBOSE=1 gtest_main/fast"/>
					<CompileFile command="/usr/bin/make -f &quot;/home/daredevil/UBA/ALGOS2/tallerAlgoritimos2/CLASE\ 03_member-classes/Makefile&quot;  VERBOSE=1 &quot;$file&quot;"/>
					<Clean command="/usr/bin/make -f &quot;/home/daredevil/UBA/ALGOS2/tallerAlgoritimos2/CLASE\ 03_member-classes/Makefile&quot;  VERBOSE=1 clean"/>
					<DistClean command="/usr/bin/make -f &quot;/home/daredevil/UBA/ALGOS2/tallerAlgoritimos2/CLASE\ 03_member-classes/Makefile&quot;  VERBOSE=1 clean"/>
				</MakeCommands>
			</Target>
			<Target title="ej2">
				<Option output="/home/daredevil/UBA/ALGOS2/tallerAlgoritimos2/CLASE 03_member-classes/ej2" prefix_auto="0" extension_auto="0"/>
				<Option working_dir="/home/daredevil/UBA/ALGOS2/tallerAlgoritimos2/CLASE 03_member-classes"/>
				<Option object_output="./"/>
				<Option type="1"/>
				<Option compiler="gcc"/>
				<Compiler/>
				<MakeCommands>
					<Build command="/usr/bin/make -f &quot;/home/daredevil/UBA/ALGOS2/tallerAlgoritimos2/CLASE\ 03_member-classes/Makefile&quot;  VERBOSE=1 ej2"/>
					<CompileFile command="/usr/bin/make -f &quot;/home/daredevil/UBA/ALGOS2/tallerAlgoritimos2/CLASE\ 03_member-classes/Makefile&quot;  VERBOSE=1 &quot;$file&quot;"/>
					<Clean command="/usr/bin/make -f &quot;/home/daredevil/UBA/ALGOS2/tallerAlgoritimos2/CLASE\ 03_member-classes/Makefile&quot;  VERBOSE=1 clean"/>
					<DistClean command="/usr/bin/make -f &quot;/home/daredevil/UBA/ALGOS2/tallerAlgoritimos2/CLASE\ 03_member-classes/Makefile&quot;  VERBOSE=1 clean"/>
				</MakeCommands>
			</Target>
			<Target title="ej2/fast">
				<Option output="/home/daredevil/UBA/ALGOS2/tallerAlgoritimos2/CLASE 03_member-classes/ej2" prefix_auto="0" extension_auto="0"/>
				<Option working_dir="/home/daredevil/UBA/ALGOS2/tallerAlgoritimos2/CLASE 03_member-classes"/>
				<Option object_output="./"/>
				<Option type="1"/>
				<Option compiler="gcc"/>
				<Compiler/>
				<MakeCommands>
					<Build command="/usr/bin/make -f &quot;/home/daredevil/UBA/ALGOS2/tallerAlgoritimos2/CLASE\ 03_member-classes/Makefile&quot;  VERBOSE=1 ej2/fast"/>
					<CompileFile command="/usr/bin/make -f &quot;/home/daredevil/UBA/ALGOS2/tallerAlgoritimos2/CLASE\ 03_member-classes/Makefile&quot;  VERBOSE=1 &quot;$file&quot;"/>
					<Clean command="/usr/bin/make -f &quot;/home/daredevil/UBA/ALGOS2/tallerAlgoritimos2/CLASE\ 03_member-classes/Makefile&quot;  VERBOSE=1 clean"/>
					<DistClean command="/usr/bin/make -f &quot;/home/daredevil/UBA/ALGOS2/tallerAlgoritimos2/CLASE\ 03_member-classes/Makefile&quot;  VERBOSE=1 clean"/>
				</MakeCommands>
			</Target>
			<Target title="ej1">
				<Option output="/home/daredevil/UBA/ALGOS2/tallerAlgoritimos2/CLASE 03_member-classes/ej1" prefix_auto="0" extension_auto="0"/>
				<Option working_dir="/home/daredevil/UBA/ALGOS2/tallerAlgoritimos2/CLASE 03_member-classes"/>
				<Option object_output="./"/>
				<Option type="1"/>
				<Option compiler="gcc"/>
				<Compiler/>
				<MakeCommands>
					<Build command="/usr/bin/make -f &quot;/home/daredevil/UBA/ALGOS2/tallerAlgoritimos2/CLASE\ 03_member-classes/Makefile&quot;  VERBOSE=1 ej1"/>
					<CompileFile command="/usr/bin/make -f &quot;/home/daredevil/UBA/ALGOS2/tallerAlgoritimos2/CLASE\ 03_member-classes/Makefile&quot;  VERBOSE=1 &quot;$file&quot;"/>
					<Clean command="/usr/bin/make -f &quot;/home/daredevil/UBA/ALGOS2/tallerAlgoritimos2/CLASE\ 03_member-classes/Makefile&quot;  VERBOSE=1 clean"/>
					<DistClean command="/usr/bin/make -f &quot;/home/daredevil/UBA/ALGOS2/tallerAlgoritimos2/CLASE\ 03_member-classes/Makefile&quot;  VERBOSE=1 clean"/>
				</MakeCommands>
			</Target>
			<Target title="ej1/fast">
				<Option output="/home/daredevil/UBA/ALGOS2/tallerAlgoritimos2/CLASE 03_member-classes/ej1" prefix_auto="0" extension_auto="0"/>
				<Option working_dir="/home/daredevil/UBA/ALGOS2/tallerAlgoritimos2/CLASE 03_member-classes"/>
				<Option object_output="./"/>
				<Option type="1"/>
				<Option compiler="gcc"/>
				<Compiler/>
				<MakeCommands>
					<Build command="/usr/bin/make -f &quot;/home/daredevil/UBA/ALGOS2/tallerAlgoritimos2/CLASE\ 03_member-classes/Makefile&quot;  VERBOSE=1 ej1/fast"/>
					<CompileFile command="/usr/bin/make -f &quot;/home/daredevil/UBA/ALGOS2/tallerAlgoritimos2/CLASE\ 03_member-classes/Makefile&quot;  VERBOSE=1 &quot;$file&quot;"/>
					<Clean command="/usr/bin/make -f &quot;/home/daredevil/UBA/ALGOS2/tallerAlgoritimos2/CLASE\ 03_member-classes/Makefile&quot;  VERBOSE=1 clean"/>
					<DistClean command="/usr/bin/make -f &quot;/home/daredevil/UBA/ALGOS2/tallerAlgoritimos2/CLASE\ 03_member-classes/Makefile&quot;  VERBOSE=1 clean"/>
				</MakeCommands>
			</Target>
			<Target title="ej4">
				<Option output="/home/daredevil/UBA/ALGOS2/tallerAlgoritimos2/CLASE 03_member-classes/ej4" prefix_auto="0" extension_auto="0"/>
				<Option working_dir="/home/daredevil/UBA/ALGOS2/tallerAlgoritimos2/CLASE 03_member-classes"/>
				<Option object_output="./"/>
				<Option type="1"/>
				<Option compiler="gcc"/>
				<Compiler>
					<Add option="-DEJ=4"/>
				</Compiler>
				<MakeCommands>
					<Build command="/usr/bin/make -f &quot;/home/daredevil/UBA/ALGOS2/tallerAlgoritimos2/CLASE\ 03_member-classes/Makefile&quot;  VERBOSE=1 ej4"/>
					<CompileFile command="/usr/bin/make -f &quot;/home/daredevil/UBA/ALGOS2/tallerAlgoritimos2/CLASE\ 03_member-classes/Makefile&quot;  VERBOSE=1 &quot;$file&quot;"/>
					<Clean command="/usr/bin/make -f &quot;/home/daredevil/UBA/ALGOS2/tallerAlgoritimos2/CLASE\ 03_member-classes/Makefile&quot;  VERBOSE=1 clean"/>
					<DistClean command="/usr/bin/make -f &quot;/home/daredevil/UBA/ALGOS2/tallerAlgoritimos2/CLASE\ 03_member-classes/Makefile&quot;  VERBOSE=1 clean"/>
				</MakeCommands>
			</Target>
			<Target title="ej4/fast">
				<Option output="/home/daredevil/UBA/ALGOS2/tallerAlgoritimos2/CLASE 03_member-classes/ej4" prefix_auto="0" extension_auto="0"/>
				<Option working_dir="/home/daredevil/UBA/ALGOS2/tallerAlgoritimos2/CLASE 03_member-classes"/>
				<Option object_output="./"/>
				<Option type="1"/>
				<Option compiler="gcc"/>
				<Compiler>
					<Add option="-DEJ=4"/>
				</Compiler>
				<MakeCommands>
					<Build command="/usr/bin/make -f &quot;/home/daredevil/UBA/ALGOS2/tallerAlgoritimos2/CLASE\ 03_member-classes/Makefile&quot;  VERBOSE=1 ej4/fast"/>
					<CompileFile command="/usr/bin/make -f &quot;/home/daredevil/UBA/ALGOS2/tallerAlgoritimos2/CLASE\ 03_member-classes/Makefile&quot;  VERBOSE=1 &quot;$file&quot;"/>
					<Clean command="/usr/bin/make -f &quot;/home/daredevil/UBA/ALGOS2/tallerAlgoritimos2/CLASE\ 03_member-classes/Makefile&quot;  VERBOSE=1 clean"/>
					<DistClean command="/usr/bin/make -f &quot;/home/daredevil/UBA/ALGOS2/tallerAlgoritimos2/CLASE\ 03_member-classes/Makefile&quot;  VERBOSE=1 clean"/>
				</MakeCommands>
			</Target>
			<Target title="ej3">
				<Option output="/home/daredevil/UBA/ALGOS2/tallerAlgoritimos2/CLASE 03_member-classes/ej3" prefix_auto="0" extension_auto="0"/>
				<Option working_dir="/home/daredevil/UBA/ALGOS2/tallerAlgoritimos2/CLASE 03_member-classes"/>
				<Option object_output="./"/>
				<Option type="1"/>
				<Option compiler="gcc"/>
				<Compiler/>
				<MakeCommands>
					<Build command="/usr/bin/make -f &quot;/home/daredevil/UBA/ALGOS2/tallerAlgoritimos2/CLASE\ 03_member-classes/Makefile&quot;  VERBOSE=1 ej3"/>
					<CompileFile command="/usr/bin/make -f &quot;/home/daredevil/UBA/ALGOS2/tallerAlgoritimos2/CLASE\ 03_member-classes/Makefile&quot;  VERBOSE=1 &quot;$file&quot;"/>
					<Clean command="/usr/bin/make -f &quot;/home/daredevil/UBA/ALGOS2/tallerAlgoritimos2/CLASE\ 03_member-classes/Makefile&quot;  VERBOSE=1 clean"/>
					<DistClean command="/usr/bin/make -f &quot;/home/daredevil/UBA/ALGOS2/tallerAlgoritimos2/CLASE\ 03_member-classes/Makefile&quot;  VERBOSE=1 clean"/>
				</MakeCommands>
			</Target>
			<Target title="ej3/fast">
				<Option output="/home/daredevil/UBA/ALGOS2/tallerAlgoritimos2/CLASE 03_member-classes/ej3" prefix_auto="0" extension_auto="0"/>
				<Option working_dir="/home/daredevil/UBA/ALGOS2/tallerAlgoritimos2/CLASE 03_member-classes"/>
				<Option object_output="./"/>
				<Option type="1"/>
				<Option compiler="gcc"/>
				<Compiler/>
				<MakeCommands>
					<Build command="/usr/bin/make -f &quot;/home/daredevil/UBA/ALGOS2/tallerAlgoritimos2/CLASE\ 03_member-classes/Makefile&quot;  VERBOSE=1 ej3/fast"/>
					<CompileFile command="/usr/bin/make -f &quot;/home/daredevil/UBA/ALGOS2/tallerAlgoritimos2/CLASE\ 03_member-classes/Makefile&quot;  VERBOSE=1 &quot;$file&quot;"/>
					<Clean command="/usr/bin/make -f &quot;/home/daredevil/UBA/ALGOS2/tallerAlgoritimos2/CLASE\ 03_member-classes/Makefile&quot;  VERBOSE=1 clean"/>
					<DistClean command="/usr/bin/make -f &quot;/home/daredevil/UBA/ALGOS2/tallerAlgoritimos2/CLASE\ 03_member-classes/Makefile&quot;  VERBOSE=1 clean"/>
				</MakeCommands>
			</Target>
		</Build>
		<Unit filename="/home/daredevil/UBA/ALGOS2/tallerAlgoritimos2/CLASE 03_member-classes/src/Diccionario.cpp">
			<Option target="ej8"/>
			<Option target="ej7"/>
			<Option target="ej6"/>
			<Option target="ej5"/>
			<Option target="ej4"/>
		</Unit>
		<Unit filename="/home/daredevil/UBA/ALGOS2/tallerAlgoritimos2/CLASE 03_member-classes/src/Diccionario.h">
			<Option target="ej8"/>
			<Option target="ej7"/>
			<Option target="ej6"/>
			<Option target="ej5"/>
			<Option target="ej4"/>
		</Unit>
		<Unit filename="/home/daredevil/UBA/ALGOS2/tallerAlgoritimos2/CLASE 03_member-classes/src/Fecha.cpp">
			<Option target="ej3"/>
		</Unit>
		<Unit filename="/home/daredevil/UBA/ALGOS2/tallerAlgoritimos2/CLASE 03_member-classes/src/Funciones.cpp">
			<Option target="ej3"/>
		</Unit>
		<Unit filename="/home/daredevil/UBA/ALGOS2/tallerAlgoritimos2/CLASE 03_member-classes/src/Funciones.h">
			<Option target="ej3"/>
		</Unit>
		<Unit filename="/home/daredevil/UBA/ALGOS2/tallerAlgoritimos2/CLASE 03_member-classes/src/Meses.h">
			<Option target="ej3"/>
		</Unit>
		<Unit filename="/home/daredevil/UBA/ALGOS2/tallerAlgoritimos2/CLASE 03_member-classes/src/Periodo.cpp">
			<Option target="ej2"/>
			<Option target="ej1"/>
			<Option target="ej3"/>
		</Unit>
		<Unit filename="/home/daredevil/UBA/ALGOS2/tallerAlgoritimos2/CLASE 03_member-classes/src/Periodo.h">
			<Option target="ej1"/>
		</Unit>
		<Unit filename="/home/daredevil/UBA/ALGOS2/tallerAlgoritimos2/CLASE 03_member-classes/tests/ej1_periodo.cpp">
			<Option target="ej1"/>
		</Unit>
		<Unit filename="/home/daredevil/UBA/ALGOS2/tallerAlgoritimos2/CLASE 03_member-classes/tests/ej2_periodo_y_fecha.cpp">
			<Option target="ej2"/>
		</Unit>
		<Unit filename="/home/daredevil/UBA/ALGOS2/tallerAlgoritimos2/CLASE 03_member-classes/tests/ej3_funciones.cpp">
			<Option target="ej3"/>
		</Unit>
		<Unit filename="/home/daredevil/UBA/ALGOS2/tallerAlgoritimos2/CLASE 03_member-classes/tests/gtest-1.8.1/gtest-all.cc">
			<Option target="gtest"/>
		</Unit>
		<Unit filename="/home/daredevil/UBA/ALGOS2/tallerAlgoritimos2/CLASE 03_member-classes/tests/gtest-1.8.1/gtest_main.cc">
			<Option target="gtest_main"/>
		</Unit>
		<Unit filename="/home/daredevil/UBA/ALGOS2/tallerAlgoritimos2/CLASE 03_member-classes/tests/test_algobot.cpp">
			<Option target="test_algobot"/>
		</Unit>
		<Unit filename="/home/daredevil/UBA/ALGOS2/tallerAlgoritimos2/CLASE 03_member-classes/tests/test_diccionario.cpp">
			<Option target="ej8"/>
			<Option target="ej7"/>
			<Option target="ej6"/>
			<Option target="ej5"/>
			<Option target="ej4"/>
		</Unit>
		<Unit filename="/home/daredevil/UBA/ALGOS2/tallerAlgoritimos2/CLASE 03_member-classes/CMakeLists.txt">
			<Option virtualFolder="CMake Files\"/>
		</Unit>
	</Project>
</CodeBlocks_project_file>
